<?xml version="1.0" encoding="utf-8"?>
<Project ToolsVersion="4.0" xmlns="http://schemas.microsoft.com/developer/msbuild/2003">
  <ItemGroup>
    <Filter Include="common">
      <UniqueIdentifier>{AEFEE3F6-9AA0-0ECD-835B-22216F9C951D}</UniqueIdentifier>
    </Filter>
    <Filter Include="gui">
      <UniqueIdentifier>{8A78880B-F681-887C-7FFD-9E7CEB05947C}</UniqueIdentifier>
    </Filter>
    <Filter Include="objects">
      <UniqueIdentifier>{EFBE9050-5B9E-0FEC-64B6-9AC2D014764D}</UniqueIdentifier>
    </Filter>
    <Filter Include="objects\editor">
      <UniqueIdentifier>{650DDC90-51DB-CF96-3A6F-40BD26DCABFB}</UniqueIdentifier>
    </Filter>
    <Filter Include="offline">
      <UniqueIdentifier>{C8EEA059-34CE-1FF5-3DE6-AACBA9448656}</UniqueIdentifier>
    </Filter>
    <Filter Include="system">
      <UniqueIdentifier>{8AE4EE1C-7686-19F3-5F41-2D474B82A043}</UniqueIdentifier>
    </Filter>
    <Filter Include="system\gblur">
      <UniqueIdentifier>{958D9069-81F0-1F0E-2A76-58C416B8EB90}</UniqueIdentifier>
    </Filter>
  </ItemGroup>
  <ItemGroup>
    <None Include="common\PCF.hlsl">
      <Filter>common</Filter>
    </None>
    <None Include="common\common_helpers.hlsl">
      <Filter>common</Filter>
    </None>
    <None Include="common\gi_helpers.hlsl">
      <Filter>common</Filter>
    </None>
    <None Include="common\ibl_helpers.hlsl">
      <Filter>common</Filter>
    </None>
    <None Include="common\light_helpers.hlsl">
      <Filter>common</Filter>
    </None>
    <None Include="common\light_structs.hlsl">
      <Filter>common</Filter>
    </None>
    <None Include="common\math.hlsl">
      <Filter>common</Filter>
    </None>
    <None Include="common\sg_helpers.hlsl">
      <Filter>common</Filter>
    </None>
    <None Include="common\sh_helpers.hlsl">
      <Filter>common</Filter>
    </None>
    <None Include="common\shadow_helpers.hlsl">
      <Filter>common</Filter>
    </None>
    <None Include="common\shared.hlsl">
      <Filter>common</Filter>
    </None>
    <None Include="common\structs.hlsl">
      <Filter>common</Filter>
    </None>
    <None Include="common\transparency_helpers.hlsl">
      <Filter>common</Filter>
    </None>
    <None Include="common\voxel_helpers.hlsl">
      <Filter>common</Filter>
    </None>
    <None Include="gui\color.hlsl">
      <Filter>gui</Filter>
    </None>
    <None Include="gui\example.hlsl">
      <Filter>gui</Filter>
    </None>
    <None Include="gui\font_default.hlsl">
      <Filter>gui</Filter>
    </None>
    <None Include="gui\font_vs.hlsl">
      <Filter>gui</Filter>
    </None>
    <None Include="gui\group_arrow.hlsl">
      <Filter>gui</Filter>
    </None>
    <None Include="gui\h_picker.hlsl">
      <Filter>gui</Filter>
    </None>
    <None Include="gui\rect.hlsl">
      <Filter>gui</Filter>
    </None>
    <None Include="gui\rect_color_icon_alpha.hlsl">
      <Filter>gui</Filter>
    </None>
    <None Include="gui\rect_icon.hlsl">
      <Filter>gui</Filter>
    </None>
    <None Include="gui\rect_icon_bg.hlsl">
      <Filter>gui</Filter>
    </None>
    <None Include="gui\rendered_preview.hlsl">
      <Filter>gui</Filter>
    </None>
    <None Include="gui\shadow.hlsl">
      <Filter>gui</Filter>
    </None>
    <None Include="gui\sv_picker.hlsl">
      <Filter>gui</Filter>
    </None>
    <None Include="gui\t_picker.hlsl">
      <Filter>gui</Filter>
    </None>
    <None Include="gui\texture_preview.hlsl">
      <Filter>gui</Filter>
    </None>
    <None Include="gui\viewport.hlsl">
      <Filter>gui</Filter>
    </None>
    <None Include="gui\viewport_2darr.hlsl">
      <Filter>gui</Filter>
    </None>
    <None Include="gui\viewport_cube.hlsl">
      <Filter>gui</Filter>
    </None>
    <None Include="objects\alphatest_main.hlsl">
      <Filter>objects</Filter>
    </None>
    <None Include="objects\editor\3d_hud.hlsl">
      <Filter>objects\editor</Filter>
    </None>
    <None Include="objects\editor\3d_hud_alpha.hlsl">
      <Filter>objects\editor</Filter>
    </None>
    <None Include="objects\editor\debug_common.hlsl">
      <Filter>objects\editor</Filter>
    </None>
    <None Include="objects\editor\debug_lines.hlsl">
      <Filter>objects\editor</Filter>
    </None>
    <None Include="objects\editor\debug_lines_cull.hlsl">
      <Filter>objects\editor</Filter>
    </None>
    <None Include="objects\editor\debug_probes.hlsl">
      <Filter>objects\editor</Filter>
    </None>
    <None Include="objects\editor\line_geometry.hlsl">
      <Filter>objects\editor</Filter>
    </None>
    <None Include="objects\editor\line_geometry_sphere.hlsl">
      <Filter>objects\editor</Filter>
    </None>
    <None Include="objects\editor\tools_mesh.hlsl">
      <Filter>objects\editor</Filter>
    </None>
    <None Include="objects\editor\unit_plane.hlsl">
      <Filter>objects\editor</Filter>
    </None>
    <None Include="objects\opaque_main.hlsl">
      <Filter>objects</Filter>
    </None>
    <None Include="objects\opaque_vertex.hlsl">
      <Filter>objects</Filter>
    </None>
    <None Include="objects\pixel.hlsl">
      <Filter>objects</Filter>
    </None>
    <None Include="objects\pixel_input.hlsl">
      <Filter>objects</Filter>
    </None>
    <None Include="objects\sky_sphere.hlsl">
      <Filter>objects</Filter>
    </None>
    <None Include="objects\transparency.hlsl">
      <Filter>objects</Filter>
    </None>
    <None Include="objects\transparent_medium.hlsl">
      <Filter>objects</Filter>
    </None>
    <None Include="objects\voxelization.hlsl">
      <Filter>objects</Filter>
    </None>
    <None Include="offline\bricks_copy.hlsl">
      <Filter>offline</Filter>
    </None>
    <None Include="offline\cubemap_to_sh.hlsl">
      <Filter>offline</Filter>
    </None>
    <None Include="offline\envmap_diffgen.hlsl">
      <Filter>offline</Filter>
    </None>
    <None Include="offline\envmap_mipcopy.hlsl">
      <Filter>offline</Filter>
    </None>
    <None Include="offline\envmap_mipgen.hlsl">
      <Filter>offline</Filter>
    </None>
    <None Include="offline\envmap_render.hlsl">
      <Filter>offline</Filter>
    </None>
    <None Include="offline\interpolate_probes.hlsl">
      <Filter>offline</Filter>
    </None>
    <None Include="offline\noise2d.hlsl">
      <Filter>offline</Filter>
    </None>
    <None Include="offline\offline_ibl.hlsl">
      <Filter>offline</Filter>
    </None>
    <None Include="offline\prob_capture.hlsl">
      <Filter>offline</Filter>
    </None>
    <None Include="offline\scep_diff_dfg.hlsl">
      <Filter>offline</Filter>
    </None>
    <None Include="samplers.hlsl" />
    <None Include="system\3dhud.hlsl">
      <Filter>system</Filter>
    </None>
    <None Include="system\aa_blend.hlsl">
      <Filter>system</Filter>
    </None>
    <None Include="system\aa_edge.hlsl">
      <Filter>system</Filter>
    </None>
    <None Include="system\aa_final.hlsl">
      <Filter>system</Filter>
    </None>
    <None Include="system\avglum.hlsl">
      <Filter>system</Filter>
    </None>
    <None Include="system\bloom_find.hlsl">
      <Filter>system</Filter>
    </None>
    <None Include="system\brdf.hlsl">
      <Filter>system</Filter>
    </None>
    <None Include="system\combine.hlsl">
      <Filter>system</Filter>
    </None>
    <None Include="system\deffered_opaque.hlsl">
      <Filter>system</Filter>
    </None>
    <None Include="system\deffered_opaque_simple.hlsl">
      <Filter>system</Filter>
    </None>
    <None Include="system\depth_copy_hiz.hlsl">
      <Filter>system</Filter>
    </None>
    <None Include="system\direct_brdf.hlsl">
      <Filter>system</Filter>
    </None>
    <None Include="system\gblur\gblur.hlsl">
      <Filter>system\gblur</Filter>
    </None>
    <None Include="system\gblur\kernel15h.hlsl">
      <Filter>system\gblur</Filter>
    </None>
    <None Include="system\gblur\kernel15h_dd.hlsl">
      <Filter>system\gblur</Filter>
    </None>
    <None Include="system\gblur\kernel15v.hlsl">
      <Filter>system\gblur</Filter>
    </None>
    <None Include="system\gblur\kernel15v_dd.hlsl">
      <Filter>system\gblur</Filter>
    </None>
    <None Include="system\gblur\kernel21h.hlsl">
      <Filter>system\gblur</Filter>
    </None>
    <None Include="system\gblur\kernel21h_dd.hlsl">
      <Filter>system\gblur</Filter>
    </None>
    <None Include="system\gblur\kernel21v.hlsl">
      <Filter>system\gblur</Filter>
    </None>
    <None Include="system\gblur\kernel21v_dd.hlsl">
      <Filter>system\gblur</Filter>
    </None>
    <None Include="system\gblur\kernel31h.hlsl">
      <Filter>system\gblur</Filter>
    </None>
    <None Include="system\gblur\kernel31h_dd.hlsl">
      <Filter>system\gblur</Filter>
    </None>
    <None Include="system\gblur\kernel31v.hlsl">
      <Filter>system\gblur</Filter>
    </None>
    <None Include="system\gblur\kernel31v_dd.hlsl">
      <Filter>system\gblur</Filter>
    </None>
    <None Include="system\gblur\kernel3h.hlsl">
      <Filter>system\gblur</Filter>
    </None>
    <None Include="system\gblur\kernel3h_dd.hlsl">
      <Filter>system\gblur</Filter>
    </None>
    <None Include="system\gblur\kernel3v.hlsl">
      <Filter>system\gblur</Filter>
    </None>
    <None Include="system\gblur\kernel3v_dd.hlsl">
      <Filter>system\gblur</Filter>
    </None>
    <None Include="system\gblur\kernel5h.hlsl">
      <Filter>system\gblur</Filter>
    </None>
    <None Include="system\gblur\kernel5h_dd.hlsl">
      <Filter>system\gblur</Filter>
    </None>
    <None Include="system\gblur\kernel5v.hlsl">
      <Filter>system\gblur</Filter>
    </None>
    <None Include="system\gblur\kernel5v_dd.hlsl">
      <Filter>system\gblur</Filter>
    </None>
    <None Include="system\gblur\kernel7h.hlsl">
      <Filter>system\gblur</Filter>
    </None>
    <None Include="system\gblur\kernel7h_dd.hlsl">
      <Filter>system\gblur</Filter>
    </None>
    <None Include="system\gblur\kernel7v.hlsl">
      <Filter>system\gblur</Filter>
    </None>
    <None Include="system\gblur\kernel7v_dd.hlsl">
      <Filter>system\gblur</Filter>
    </None>
    <None Include="system\gblur\kernel9h.hlsl">
      <Filter>system\gblur</Filter>
    </None>
    <None Include="system\gblur\kernel9h_dd.hlsl">
      <Filter>system\gblur</Filter>
    </None>
    <None Include="system\gblur\kernel9v.hlsl">
      <Filter>system\gblur</Filter>
    </None>
    <None Include="system\gblur\kernel9v_dd.hlsl">
      <Filter>system\gblur</Filter>
    </None>
    <None Include="system\hbao.hlsl">
      <Filter>system</Filter>
    </None>
    <None Include="system\hbao_perspective_correct.hlsl">
      <Filter>system</Filter>
    </None>
    <None Include="system\hdr.hlsl">
      <Filter>system</Filter>
    </None>
    <None Include="system\hiz_depth.hlsl">
      <Filter>system</Filter>
    </None>
    <None Include="system\ibl_brdf.hlsl">
      <Filter>system</Filter>
    </None>
    <None Include="system\indirect_brdf.hlsl">
      <Filter>system</Filter>
    </None>
    <None Include="system\light_calc.hlsl">
      <Filter>system</Filter>
    </None>
    <None Include="system\light_constants.hlsl">
      <Filter>system</Filter>
    </None>
    <None Include="system\null_shader.hlsl">
      <Filter>system</Filter>
    </None>
    <None Include="system\old_deffered_opaque_indirect.hlsl">
      <Filter>system</Filter>
    </None>
    <None Include="system\opaque_blur.hlsl">
      <Filter>system</Filter>
    </None>
    <None Include="system\scene_to_color_alpha.hlsl">
      <Filter>system</Filter>
    </None>
    <None Include="system\screen_plane.hlsl">
      <Filter>system</Filter>
    </None>
    <None Include="system\ssr.hlsl">
      <Filter>system</Filter>
    </None>
    <None Include="system\ssr_compute.hlsl">
      <Filter>system</Filter>
    </None>
    <None Include="system\tonemapping.hlsl">
      <Filter>system</Filter>
    </None>
    <None Include="system\voxel_downsample.hlsl">
      <Filter>system</Filter>
    </None>
    <None Include="system\voxel_light_inject.hlsl">
      <Filter>system</Filter>
    </None>
    <None Include="system\voxel_light_propagate.hlsl">
      <Filter>system</Filter>
    </None>
  </ItemGroup>
  <ItemGroup>
    <FxCompile Include="objects\volume_cube.hlsl">
      <Filter>objects</Filter>
    </FxCompile>
  </ItemGroup>
</Project>