<?xml version="1.0" encoding="utf-8"?>
<Project ToolsVersion="4.0" xmlns="http://schemas.microsoft.com/developer/msbuild/2003">
  <ItemGroup>
    <Filter Include="Common">
      <UniqueIdentifier>{8EEA3EAC-7A8C-6982-6347-7DD64F88F0D2}</UniqueIdentifier>
    </Filter>
    <Filter Include="Config">
      <UniqueIdentifier>{5B583FAC-47FA-6982-30B5-7DD61CF6F0D2}</UniqueIdentifier>
    </Filter>
    <Filter Include="ECS">
      <UniqueIdentifier>{60E1870B-CCEA-877C-5566-9E7CC16E937C}</UniqueIdentifier>
    </Filter>
    <Filter Include="GUI">
      <UniqueIdentifier>{2AEC870B-96F5-877C-1F71-9E7C8B79937C}</UniqueIdentifier>
    </Filter>
    <Filter Include="Input">
      <UniqueIdentifier>{953A660D-014F-8EBE-CAD0-311E36A48AEF}</UniqueIdentifier>
    </Filter>
    <Filter Include="Managers">
      <UniqueIdentifier>{B34CFEBD-9F19-59C9-C832-4771B45E8E57}</UniqueIdentifier>
    </Filter>
    <Filter Include="Render">
      <UniqueIdentifier>{C5BB87CE-B15D-B2A4-9A18-C6F8865939F5}</UniqueIdentifier>
    </Filter>
    <Filter Include="Render\Support">
      <UniqueIdentifier>{7114235E-5DE2-1664-4676-878A32E3F2C8}</UniqueIdentifier>
    </Filter>
    <Filter Include="System">
      <UniqueIdentifier>{6AD049D2-5672-74A8-3F2D-88FC2B6EFBF8}</UniqueIdentifier>
    </Filter>
    <Filter Include="Utils">
      <UniqueIdentifier>{F68B420E-62A0-6ABF-2B22-0E1F97F566F0}</UniqueIdentifier>
    </Filter>
    <Filter Include="Managers\Loaders">
      <UniqueIdentifier>{98bcbc65-adcb-4069-95f1-1b7f31d99f98}</UniqueIdentifier>
    </Filter>
  </ItemGroup>
  <ItemGroup>
    <ClInclude Include="Common\Arrays.h">
      <Filter>Common</Filter>
    </ClInclude>
    <ClInclude Include="Common\Common.h">
      <Filter>Common</Filter>
    </ClInclude>
    <ClInclude Include="Common\DataTypes.h">
      <Filter>Common</Filter>
    </ClInclude>
    <ClInclude Include="Common\Multithreading.h">
      <Filter>Common</Filter>
    </ClInclude>
    <ClInclude Include="Common\Pathes.h">
      <Filter>Common</Filter>
    </ClInclude>
    <ClInclude Include="Common\StringToData.h">
      <Filter>Common</Filter>
    </ClInclude>
    <ClInclude Include="Common\macros.h">
      <Filter>Common</Filter>
    </ClInclude>
    <ClInclude Include="Config\EngineSettings.h">
      <Filter>Config</Filter>
    </ClInclude>
    <ClInclude Include="Config\GlobalColor.h">
      <Filter>Config</Filter>
    </ClInclude>
    <ClInclude Include="ECS\CameraSystem.h">
      <Filter>ECS</Filter>
    </ClInclude>
    <ClInclude Include="ECS\ControllerSystem.h">
      <Filter>ECS</Filter>
    </ClInclude>
    <ClInclude Include="ECS\ECS_defines.h">
      <Filter>ECS</Filter>
    </ClInclude>
    <ClInclude Include="ECS\EarlyVisibilitySystem.h">
      <Filter>ECS</Filter>
    </ClInclude>
    <ClInclude Include="ECS\Entity.h">
      <Filter>ECS</Filter>
    </ClInclude>
    <ClInclude Include="ECS\EnvProbSystem.h">
      <Filter>ECS</Filter>
    </ClInclude>
    <ClInclude Include="ECS\GlobalLightSystem.h">
      <Filter>ECS</Filter>
    </ClInclude>
    <ClInclude Include="ECS\LightSystem.h">
      <Filter>ECS</Filter>
    </ClInclude>
    <ClInclude Include="ECS\LineGeometrySystem.h">
      <Filter>ECS</Filter>
    </ClInclude>
    <ClInclude Include="ECS\PhysicsSystem.h">
      <Filter>ECS</Filter>
    </ClInclude>
    <ClInclude Include="ECS\SceneGraph.h">
      <Filter>ECS</Filter>
    </ClInclude>
    <ClInclude Include="ECS\ScriptSystem.h">
      <Filter>ECS</Filter>
    </ClInclude>
    <ClInclude Include="ECS\ShadowSystem.h">
      <Filter>ECS</Filter>
    </ClInclude>
    <ClInclude Include="ECS\StaticMeshSystem.h">
      <Filter>ECS</Filter>
    </ClInclude>
    <ClInclude Include="ECS\TransformSystem.h">
      <Filter>ECS</Filter>
    </ClInclude>
    <ClInclude Include="ECS\TypeMgr.h">
      <Filter>ECS</Filter>
    </ClInclude>
    <ClInclude Include="ECS\VisibilitySystem.h">
      <Filter>ECS</Filter>
    </ClInclude>
    <ClInclude Include="ECS\World.h">
      <Filter>ECS</Filter>
    </ClInclude>
    <ClInclude Include="GUI\Font.h">
      <Filter>GUI</Filter>
    </ClInclude>
    <ClInclude Include="GUI\HDefines.h">
      <Filter>GUI</Filter>
    </ClInclude>
    <ClInclude Include="GUI\HEntity.h">
      <Filter>GUI</Filter>
    </ClInclude>
    <ClInclude Include="GUI\HVisuals.h">
      <Filter>GUI</Filter>
    </ClInclude>
    <ClInclude Include="GUI\Hud.h">
      <Filter>GUI</Filter>
    </ClInclude>
    <ClInclude Include="GUI\Image.h">
      <Filter>GUI</Filter>
    </ClInclude>
    <ClInclude Include="GUI\Text.h">
      <Filter>GUI</Filter>
    </ClInclude>
    <ClInclude Include="Input\InputCodes.h">
      <Filter>Input</Filter>
    </ClInclude>
    <ClInclude Include="Input\Window.h">
      <Filter>Input</Filter>
    </ClInclude>
    <ClInclude Include="MainLoop.h" />
    <ClInclude Include="Managers\FontMgr.h">
      <Filter>Managers</Filter>
    </ClInclude>
    <ClInclude Include="Managers\MaterialMgr.h">
      <Filter>Managers</Filter>
    </ClInclude>
    <ClInclude Include="Managers\ResourceProcessor.h">
      <Filter>Managers</Filter>
    </ClInclude>
    <ClInclude Include="Managers\ShaderCodeMgr.h">
      <Filter>Managers</Filter>
    </ClInclude>
    <ClInclude Include="Managers\ShaderMgr.h">
      <Filter>Managers</Filter>
    </ClInclude>
    <ClInclude Include="Managers\TexMgr.h">
      <Filter>Managers</Filter>
    </ClInclude>
    <ClInclude Include="Managers\WindowsMgr.h">
      <Filter>Managers</Filter>
    </ClInclude>
    <ClInclude Include="Managers\WorldMgr.h">
      <Filter>Managers</Filter>
    </ClInclude>
    <ClInclude Include="Render\Buffer.h">
      <Filter>Render</Filter>
    </ClInclude>
    <ClInclude Include="Render\Compute.h">
      <Filter>Render</Filter>
    </ClInclude>
    <ClInclude Include="Render\Frustum.h">
      <Filter>Render</Filter>
    </ClInclude>
    <ClInclude Include="Render\Material.h">
      <Filter>Render</Filter>
    </ClInclude>
    <ClInclude Include="Render\Render.h">
      <Filter>Render</Filter>
    </ClInclude>
    <ClInclude Include="Render\RenderMgrs.h">
      <Filter>Render</Filter>
    </ClInclude>
    <ClInclude Include="Render\RenderState.h">
      <Filter>Render</Filter>
    </ClInclude>
    <ClInclude Include="Render\RenderTarget.h">
      <Filter>Render</Filter>
    </ClInclude>
    <ClInclude Include="Render\ScenePipeline.h">
      <Filter>Render</Filter>
    </ClInclude>
    <ClInclude Include="Render\Shader.h">
      <Filter>Render</Filter>
    </ClInclude>
    <ClInclude Include="Render\ShadowsRenderer.h">
      <Filter>Render</Filter>
    </ClInclude>
    <ClInclude Include="Render\Support\GaussianBlur.h">
      <Filter>Render\Support</Filter>
    </ClInclude>
    <ClInclude Include="Render\Support\LightBuffers.h">
      <Filter>Render\Support</Filter>
    </ClInclude>
    <ClInclude Include="Render\Support\MaterialData.h">
      <Filter>Render\Support</Filter>
    </ClInclude>
    <ClInclude Include="Render\Support\ScreenPlane.h">
      <Filter>Render\Support</Filter>
    </ClInclude>
    <ClInclude Include="Render\VoxelRenderer.h">
      <Filter>Render</Filter>
    </ClInclude>
    <ClInclude Include="System\FileIO.h">
      <Filter>System</Filter>
    </ClInclude>
    <ClInclude Include="System\JobSystem.h">
      <Filter>System</Filter>
    </ClInclude>
    <ClInclude Include="System\LocalTimer.h">
      <Filter>System</Filter>
    </ClInclude>
    <ClInclude Include="System\LuaVM.h">
      <Filter>System</Filter>
    </ClInclude>
    <ClInclude Include="System\Timer.h">
      <Filter>System</Filter>
    </ClInclude>
    <ClInclude Include="Utils\Generate_PBS_Env_LUT.h">
      <Filter>Utils</Filter>
    </ClInclude>
    <ClInclude Include="Utils\Log.h">
      <Filter>Utils</Filter>
    </ClInclude>
    <ClInclude Include="Utils\MathGeometry.h">
      <Filter>Utils</Filter>
    </ClInclude>
    <ClInclude Include="Utils\Profiler.h">
      <Filter>Utils</Filter>
    </ClInclude>
    <ClInclude Include="Utils\ProfilerIDs.h">
      <Filter>Utils</Filter>
    </ClInclude>
    <ClInclude Include="Utils\TransformControls.h">
      <Filter>Utils</Filter>
    </ClInclude>
    <ClInclude Include="Utils\Util.h">
      <Filter>Utils</Filter>
    </ClInclude>
    <ClInclude Include="Utils\WinAPIDialogs.h">
      <Filter>Utils</Filter>
    </ClInclude>
    <ClInclude Include="resource.h" />
    <ClInclude Include="stdafx.h" />
    <ClInclude Include="Utils\MathVector.h">
      <Filter>Utils</Filter>
    </ClInclude>
    <ClInclude Include="ECS\CollisionSystem.h">
      <Filter>ECS</Filter>
    </ClInclude>
    <ClInclude Include="Managers\Loaders\TexLoader.h">
      <Filter>Managers\Loaders</Filter>
    </ClInclude>
    <ClInclude Include="Managers\Loaders\MeshLoader.h">
      <Filter>Managers\Loaders</Filter>
    </ClInclude>
    <ClInclude Include="Managers\BaseMgr.h">
      <Filter>Managers</Filter>
    </ClInclude>
    <ClInclude Include="Managers\MeshMgr.h">
      <Filter>Managers</Filter>
    </ClInclude>
  </ItemGroup>
  <ItemGroup>
    <ClCompile Include="Config\GlobalColor.cpp">
      <Filter>Config</Filter>
    </ClCompile>
    <ClCompile Include="ECS\CameraSystem.cpp">
      <Filter>ECS</Filter>
    </ClCompile>
    <ClCompile Include="ECS\ControllerSystem.cpp">
      <Filter>ECS</Filter>
    </ClCompile>
    <ClCompile Include="ECS\EarlyVisibilitySystem.cpp">
      <Filter>ECS</Filter>
    </ClCompile>
    <ClCompile Include="ECS\EnvProbSystem.cpp">
      <Filter>ECS</Filter>
    </ClCompile>
    <ClCompile Include="ECS\GlobalLightSystem.cpp">
      <Filter>ECS</Filter>
    </ClCompile>
    <ClCompile Include="ECS\LightSystem.cpp">
      <Filter>ECS</Filter>
    </ClCompile>
    <ClCompile Include="ECS\LineGeometrySystem.cpp">
      <Filter>ECS</Filter>
    </ClCompile>
    <ClCompile Include="ECS\PhysicsSystem.cpp">
      <Filter>ECS</Filter>
    </ClCompile>
    <ClCompile Include="ECS\SceneGraph.cpp">
      <Filter>ECS</Filter>
    </ClCompile>
    <ClCompile Include="ECS\ScriptSystem.cpp">
      <Filter>ECS</Filter>
    </ClCompile>
    <ClCompile Include="ECS\ShadowSystem.cpp">
      <Filter>ECS</Filter>
    </ClCompile>
    <ClCompile Include="ECS\StaticMeshSystem.cpp">
      <Filter>ECS</Filter>
    </ClCompile>
    <ClCompile Include="ECS\TransformSystem.cpp">
      <Filter>ECS</Filter>
    </ClCompile>
    <ClCompile Include="ECS\TypeMgr.cpp">
      <Filter>ECS</Filter>
    </ClCompile>
    <ClCompile Include="ECS\VisibilitySystem.cpp">
      <Filter>ECS</Filter>
    </ClCompile>
    <ClCompile Include="ECS\World.cpp">
      <Filter>ECS</Filter>
    </ClCompile>
    <ClCompile Include="GUI\Font.cpp">
      <Filter>GUI</Filter>
    </ClCompile>
    <ClCompile Include="GUI\HEntity.cpp">
      <Filter>GUI</Filter>
    </ClCompile>
    <ClCompile Include="GUI\HVisuals.cpp">
      <Filter>GUI</Filter>
    </ClCompile>
    <ClCompile Include="GUI\Hud.cpp">
      <Filter>GUI</Filter>
    </ClCompile>
    <ClCompile Include="GUI\Image.cpp">
      <Filter>GUI</Filter>
    </ClCompile>
    <ClCompile Include="GUI\Text.cpp">
      <Filter>GUI</Filter>
    </ClCompile>
    <ClCompile Include="Input\Window.cpp">
      <Filter>Input</Filter>
    </ClCompile>
    <ClCompile Include="Managers\FontMgr.cpp">
      <Filter>Managers</Filter>
    </ClCompile>
    <ClCompile Include="Managers\MaterialMgr.cpp">
      <Filter>Managers</Filter>
    </ClCompile>
    <ClCompile Include="Managers\ResourceProcessor.cpp">
      <Filter>Managers</Filter>
    </ClCompile>
    <ClCompile Include="Managers\ShaderCodeMgr.cpp">
      <Filter>Managers</Filter>
    </ClCompile>
    <ClCompile Include="Managers\ShaderMgr.cpp">
      <Filter>Managers</Filter>
    </ClCompile>
    <ClCompile Include="Managers\WindowsMgr.cpp">
      <Filter>Managers</Filter>
    </ClCompile>
    <ClCompile Include="Managers\WorldMgr.cpp">
      <Filter>Managers</Filter>
    </ClCompile>
    <ClCompile Include="Render\Buffer.cpp">
      <Filter>Render</Filter>
    </ClCompile>
    <ClCompile Include="Render\Material.cpp">
      <Filter>Render</Filter>
    </ClCompile>
    <ClCompile Include="Render\Render.cpp">
      <Filter>Render</Filter>
    </ClCompile>
    <ClCompile Include="Render\RenderMgrs.cpp">
      <Filter>Render</Filter>
    </ClCompile>
    <ClCompile Include="Render\RenderState.cpp">
      <Filter>Render</Filter>
    </ClCompile>
    <ClCompile Include="Render\RenderTarget.cpp">
      <Filter>Render</Filter>
    </ClCompile>
    <ClCompile Include="Render\ScenePipeline.cpp">
      <Filter>Render</Filter>
    </ClCompile>
    <ClCompile Include="Render\SceneRenderMgr.cpp">
      <Filter>Render</Filter>
    </ClCompile>
    <ClCompile Include="Render\Shader.cpp">
      <Filter>Render</Filter>
    </ClCompile>
    <ClCompile Include="Render\ShadowsRenderer.cpp">
      <Filter>Render</Filter>
    </ClCompile>
    <ClCompile Include="Render\Support\GaussianBlur.cpp">
      <Filter>Render\Support</Filter>
    </ClCompile>
    <ClCompile Include="Render\Support\ScreenPlane.cpp">
      <Filter>Render\Support</Filter>
    </ClCompile>
    <ClCompile Include="Render\VoxelRenderer.cpp">
      <Filter>Render</Filter>
    </ClCompile>
    <ClCompile Include="System\FileIO.cpp">
      <Filter>System</Filter>
    </ClCompile>
    <ClCompile Include="System\JobSystem.cpp">
      <Filter>System</Filter>
    </ClCompile>
    <ClCompile Include="System\LocalTimer.cpp">
      <Filter>System</Filter>
    </ClCompile>
    <ClCompile Include="System\LuaVM.cpp">
      <Filter>System</Filter>
    </ClCompile>
    <ClCompile Include="System\Timer.cpp">
      <Filter>System</Filter>
    </ClCompile>
    <ClCompile Include="Utils\Log.cpp">
      <Filter>Utils</Filter>
    </ClCompile>
    <ClCompile Include="Utils\Profiler.cpp">
      <Filter>Utils</Filter>
    </ClCompile>
    <ClCompile Include="Utils\TransformControls.cpp">
      <Filter>Utils</Filter>
    </ClCompile>
    <ClCompile Include="main.cpp" />
    <ClCompile Include="stdafx.cpp" />
    <ClCompile Include="ECS\CollisionSystem.cpp">
      <Filter>ECS</Filter>
    </ClCompile>
    <ClCompile Include="Managers\Loaders\TexLoader.cpp">
      <Filter>Managers\Loaders</Filter>
    </ClCompile>
    <ClCompile Include="Managers\Loaders\MeshLoader.cpp">
      <Filter>Managers\Loaders</Filter>
    </ClCompile>
    <ClCompile Include="Managers\BaseMgr.cpp">
      <Filter>Managers</Filter>
    </ClCompile>
    <ClCompile Include="Managers\MeshMgr.cpp">
      <Filter>Managers</Filter>
    </ClCompile>
  </ItemGroup>
</Project>